
Microsoft Visual Studio Solution File, Format Version 12.00
# Visual Studio Version 16
VisualStudioVersion = 16.0.31402.337
MinimumVisualStudioVersion = 10.0.40219.1
Project("{FAE04EC0-301F-11D3-BF4B-00C04F79EFBC}") = "ContosoUniversity", "ContosoUniversity\ContosoUniversity.csproj", "{462FDBB5-C7D7-4F7D-8078-4EDA4FDC2841}"
EndProject
Global
	GlobalSection(SolutionConfigurationPlatforms) = preSolution
		Debug|Any CPU = Debug|Any CPU
		Release|Any CPU = Release|Any CPU
	EndGlobalSection
	GlobalSection(ProjectConfigurationPlatforms) = postSolution
		{462FDBB5-C7D7-4F7D-8078-4EDA4FDC2841}.Debug|Any CPU.ActiveCfg = Debug|Any CPU
		{462FDBB5-C7D7-4F7D-8078-4EDA4FDC2841}.Debug|Any CPU.Build.0 = Debug|Any CPU
		{462FDBB5-C7D7-4F7D-8078-4EDA4FDC2841}.Release|Any CPU.ActiveCfg = Release|Any CPU
		{462FDBB5-C7D7-4F7D-8078-4EDA4FDC2841}.Release|Any CPU.Build.0 = Release|Any CPU
	EndGlobalSection
	GlobalSection(SolutionProperties) = preSolution
		HideSolutionNode = FALSE
	EndGlobalSection
	GlobalSection(ExtensibilityGlobals) = postSolution
		SolutionGuid = {8B268467-D40D-4F56-B968-B6A0E67B8753}
	EndGlobalSection
EndGlobal
